<?xml version="1.0" encoding="utf-8"?>
<Project ToolsVersion="4.0" xmlns="http://schemas.microsoft.com/developer/msbuild/2003">
  <ItemGroup>
    <Filter Include="Source Files">
      <UniqueIdentifier>{4FC737F1-C7A5-4376-A066-2A32D752A2FF}</UniqueIdentifier>
      <Extensions>cpp;c;cc;cxx;def;odl;idl;hpj;bat;asm;asmx</Extensions>
    </Filter>
    <Filter Include="Resource Files">
      <UniqueIdentifier>{D9D6E242-F8AF-46E4-B9FD-80ECBC20BA3E}</UniqueIdentifier>
      <Extensions>qrc;*</Extensions>
      <ParseFiles>false</ParseFiles>
    </Filter>
    <Filter Include="Form Files">
      <UniqueIdentifier>{99349809-55BA-4b9d-BF79-8FDBB0286EB3}</UniqueIdentifier>
      <Extensions>ui</Extensions>
    </Filter>
    <Filter Include="Resource Files">
      <UniqueIdentifier>{D9D6E242-F8AF-46E4-B9FD-80ECBC20BA3E}</UniqueIdentifier>
      <Extensions>qrc;*</Extensions>
      <ParseFiles>false</ParseFiles>
    </Filter>
    <Filter Include="Header Files">
      <UniqueIdentifier>{93995380-89BD-4b04-88EB-625FBE52EBFB}</UniqueIdentifier>
      <Extensions>h;hh;hpp;hxx;hm;inl;inc;xsd</Extensions>
    </Filter>
    <Filter Include="Header Files\Scripting">
      <UniqueIdentifier>{e9d86809-347d-44c3-844e-d0cc13ad9285}</UniqueIdentifier>
    </Filter>
    <Filter Include="Source Files\Scripting">
      <UniqueIdentifier>{478dc125-b290-46be-a22a-912b95331692}</UniqueIdentifier>
    </Filter>
    <Filter Include="Header Files\Editor">
      <UniqueIdentifier>{79c0f1c0-b85d-46ef-8088-f90a781dbe7d}</UniqueIdentifier>
    </Filter>
    <Filter Include="Source Files\Editor">
      <UniqueIdentifier>{d95112de-2cb0-4f9b-8cd2-e60666059fe7}</UniqueIdentifier>
    </Filter>
    <Filter Include="Header Files\Engine">
      <UniqueIdentifier>{1fc85d8d-db08-412e-94eb-60ab50ba253c}</UniqueIdentifier>
    </Filter>
    <Filter Include="Source Files\Engine">
      <UniqueIdentifier>{b5586c07-61a2-4077-b237-c6e9fccf7d6a}</UniqueIdentifier>
    </Filter>
  </ItemGroup>
  <ItemGroup>
    <ClCompile Include="main.cpp">
      <Filter>Source Files</Filter>
    </ClCompile>
    <ClCompile Include="EasyVulkanEditor.cpp">
      <Filter>Source Files</Filter>
    </ClCompile>
    <ClCompile Include="Scripting\PythonModuleInfo.cpp">
      <Filter>Source Files\Scripting</Filter>
    </ClCompile>
    <ClCompile Include="Scripting\PythonScriptComponent.cpp">
      <Filter>Source Files\Scripting</Filter>
    </ClCompile>
    <ClCompile Include="EditorMenuManager.cpp">
      <Filter>Source Files</Filter>
    </ClCompile>
    <ClCompile Include="EditorUtility.cpp">
      <Filter>Source Files</Filter>
    </ClCompile>
    <ClCompile Include="EasyObject.cpp">
      <Filter>Source Files</Filter>
    </ClCompile>
    <ClCompile Include="Scripting\PythonEditorScriptManager.cpp">
      <Filter>Source Files\Scripting</Filter>
    </ClCompile>
    <ClCompile Include="Scripting\PythonScanner.cpp">
      <Filter>Source Files\Scripting</Filter>
    </ClCompile>
    <ClCompile Include="Scripting\PythonScriptAnalyzer.cpp">
      <Filter>Source Files\Scripting</Filter>
    </ClCompile>
    <ClCompile Include="Scripting\PythonBuildInManager.cpp">
      <Filter>Source Files\Scripting</Filter>
    </ClCompile>
    <ClCompile Include="Engine\Component.cpp">
      <Filter>Source Files\Engine</Filter>
    </ClCompile>
    <ClCompile Include="Engine\GameObject.cpp">
      <Filter>Source Files\Engine</Filter>
    </ClCompile>
    <ClCompile Include="Engine\Container.cpp">
      <Filter>Source Files\Engine</Filter>
    </ClCompile>
    <ClCompile Include="Engine\Transform.cpp">
      <Filter>Source Files\Engine</Filter>
    </ClCompile>
    <ClCompile Include="Scripting\PythonEditorExecutor.cpp">
      <Filter>Source Files\Scripting</Filter>
    </ClCompile>
    <ClCompile Include="EasyEditorApplication.cpp">
      <Filter>Source Files</Filter>
    </ClCompile>
    <ClCompile Include="Scripting\PythonResourceManager.cpp">
      <Filter>Source Files\Scripting</Filter>
    </ClCompile>
  </ItemGroup>
  <ItemGroup>
    <QtMoc Include="EasyVulkanEditor.h">
      <Filter>Header Files</Filter>
    </QtMoc>
    <QtMoc Include="Scripting\PythonEditorExecutor.h">
      <Filter>Header Files\Scripting</Filter>
    </QtMoc>
    <QtMoc Include="EasyEditorApplication.h">
      <Filter>Header Files</Filter>
    </QtMoc>
  </ItemGroup>
  <ItemGroup>
    <QtUic Include="EasyVulkanEditor.ui">
      <Filter>Form Files</Filter>
    </QtUic>
  </ItemGroup>
  <ItemGroup>
    <QtRcc Include="EasyVulkanEditor.qrc">
      <Filter>Resource Files</Filter>
    </QtRcc>
  </ItemGroup>
  <ItemGroup>
    <ClInclude Include="Scripting\PythonModuleInfo.h">
      <Filter>Header Files\Scripting</Filter>
    </ClInclude>
    <ClInclude Include="Scripting\PythonScriptComponent.h">
      <Filter>Header Files\Scripting</Filter>
    </ClInclude>
    <ClInclude Include="Scripting\PythonScanner.h">
      <Filter>Header Files\Scripting</Filter>
    </ClInclude>
    <ClInclude Include="EditorUtility.h">
      <Filter>Header Files</Filter>
    </ClInclude>
    <ClInclude Include="EasyObject.h">
      <Filter>Header Files</Filter>
    </ClInclude>
    <ClInclude Include="Scripting\PythonBuildInManager.h">
      <Filter>Header Files\Scripting</Filter>
    </ClInclude>
    <ClInclude Include="Scripting\PythonEditorScriptManager.h">
      <Filter>Header Files\Scripting</Filter>
    </ClInclude>
    <ClInclude Include="Scripting\PythonScriptAnalyzer.h">
      <Filter>Header Files\Scripting</Filter>
    </ClInclude>
    <ClInclude Include="Engine\Component.h">
      <Filter>Header Files\Engine</Filter>
    </ClInclude>
    <ClInclude Include="Engine\GameObject.h">
      <Filter>Header Files\Engine</Filter>
    </ClInclude>
    <ClInclude Include="Engine\EasyEngine.h">
      <Filter>Header Files\Engine</Filter>
    </ClInclude>
    <ClInclude Include="Engine\Container.h">
      <Filter>Header Files\Engine</Filter>
    </ClInclude>
    <ClInclude Include="Engine\Transform.h">
      <Filter>Header Files\Engine</Filter>
    </ClInclude>
    <ClInclude Include="Scripting\PythonResourceManager.h">
      <Filter>Header Files\Scripting</Filter>
    </ClInclude>
    <ClInclude Include="EditorMenuManager.h">
      <Filter>Header Files</Filter>
    </ClInclude>
    <ClInclude Include="PythonErrorUtility.h">
      <Filter>Header Files\Scripting</Filter>
    </ClInclude>
  </ItemGroup>
</Project>