<?xml version="1.0" encoding="utf-8"?>
<Project ToolsVersion="4.0" xmlns="http://schemas.microsoft.com/developer/msbuild/2003">
  <ItemGroup>
    <Filter Include="Source Files">
      <UniqueIdentifier>{4FC737F1-C7A5-4376-A066-2A32D752A2FF}</UniqueIdentifier>
      <Extensions>cpp;c;cc;cxx;def;odl;idl;hpj;bat;asm;asmx</Extensions>
    </Filter>
    <Filter Include="Header Files">
      <UniqueIdentifier>{93995380-89BD-4b04-88EB-625FBE52EBFB}</UniqueIdentifier>
      <Extensions>h;hh;hpp;hxx;hm;inl;inc;xsd</Extensions>
    </Filter>
    <Filter Include="Resource Files">
      <UniqueIdentifier>{D9D6E242-F8AF-46E4-B9FD-80ECBC20BA3E}</UniqueIdentifier>
      <Extensions>qrc;*</Extensions>
      <ParseFiles>false</ParseFiles>
    </Filter>
    <Filter Include="Form Files">
      <UniqueIdentifier>{99349809-55BA-4b9d-BF79-8FDBB0286EB3}</UniqueIdentifier>
      <Extensions>ui</Extensions>
    </Filter>
    <Filter Include="Resource Files">
      <UniqueIdentifier>{D9D6E242-F8AF-46E4-B9FD-80ECBC20BA3E}</UniqueIdentifier>
      <Extensions>qrc;*</Extensions>
      <ParseFiles>false</ParseFiles>
    </Filter>
    <Filter Include="Header Files\BasicShapes">
      <UniqueIdentifier>{e95773eb-1610-45c0-9cef-44d09dd494ee}</UniqueIdentifier>
    </Filter>
    <Filter Include="Source Files\BasicShapes">
      <UniqueIdentifier>{0cf6d613-fe71-4134-891b-ea39f1f9efbc}</UniqueIdentifier>
    </Filter>
    <Filter Include="Header Files\Matrix">
      <UniqueIdentifier>{01faa896-0e28-4ad2-8fc6-786460830ddf}</UniqueIdentifier>
    </Filter>
    <Filter Include="Source Files\Matrix">
      <UniqueIdentifier>{136c9c35-ac7f-4308-be9b-0be92e4c20ed}</UniqueIdentifier>
    </Filter>
  </ItemGroup>
  <ItemGroup>
    <ClCompile Include="main.cpp">
      <Filter>Source Files</Filter>
    </ClCompile>
    <ClCompile Include="VulkanDisplayWindow.cpp">
      <Filter>Source Files</Filter>
    </ClCompile>
    <ClCompile Include="EasyVulkanRenderer.cpp">
      <Filter>Source Files</Filter>
    </ClCompile>
    <ClCompile Include="EasyVulkanShaderCompiler.cpp">
      <Filter>Source Files</Filter>
    </ClCompile>
    <ClCompile Include="EasyVulkanFpsCalculator.cpp">
      <Filter>Source Files</Filter>
    </ClCompile>
    <ClCompile Include="EasyVulkanPipeline.cpp">
      <Filter>Source Files</Filter>
    </ClCompile>
    <ClCompile Include="BasicShapes\Polygon.cpp">
      <Filter>Source Files\BasicShapes</Filter>
    </ClCompile>
    <ClCompile Include="BasicShapes\Quadrangle.cpp">
      <Filter>Source Files\BasicShapes</Filter>
    </ClCompile>
    <ClCompile Include="BasicShapes\Triangle.cpp">
      <Filter>Source Files\BasicShapes</Filter>
    </ClCompile>
    <ClCompile Include="EasyVulkanWindow.cpp">
      <Filter>Source Files</Filter>
    </ClCompile>
    <ClCompile Include="EasyVulkanConsole.cpp">
      <Filter>Source Files</Filter>
    </ClCompile>
    <ClCompile Include="EasyVulkanConfig.cpp">
      <Filter>Source Files</Filter>
    </ClCompile>
    <ClCompile Include="Matrix\EasyVulkanMatrixState.cpp">
      <Filter>Source Files\Matrix</Filter>
    </ClCompile>
    <ClCompile Include="Drawable.cpp">
      <Filter>Source Files\BasicShapes</Filter>
    </ClCompile>
    <ClCompile Include="EasyVulkanTextureManager.cpp">
      <Filter>Source Files</Filter>
    </ClCompile>
    <ClCompile Include="Texture.cpp">
      <Filter>Source Files</Filter>
    </ClCompile>
    <ClCompile Include="Label.cpp">
      <Filter>Source Files</Filter>
    </ClCompile>
    <ClCompile Include="Transform.cpp">
      <Filter>Source Files</Filter>
    </ClCompile>
    <ClCompile Include="EasyVulkanFontManager.cpp">
      <Filter>Source Files</Filter>
    </ClCompile>
  </ItemGroup>
  <ItemGroup>
    <QtMoc Include="VulkanDisplayWindow.h">
      <Filter>Header Files</Filter>
    </QtMoc>
    <QtMoc Include="EasyVulkanWindow.h">
      <Filter>Header Files</Filter>
    </QtMoc>
  </ItemGroup>
  <ItemGroup>
    <QtUic Include="VulkanDisplayWindow.ui">
      <Filter>Form Files</Filter>
    </QtUic>
  </ItemGroup>
  <ItemGroup>
    <QtRcc Include="VulkanDisplayWindow.qrc">
      <Filter>Resource Files</Filter>
    </QtRcc>
  </ItemGroup>
  <ItemGroup>
    <ClInclude Include="EasyVulkanConfig.h">
      <Filter>Header Files</Filter>
    </ClInclude>
    <ClInclude Include="EasyVulkanRenderer.h">
      <Filter>Header Files</Filter>
    </ClInclude>
    <ClInclude Include="EasyVulkanAssert.h">
      <Filter>Header Files</Filter>
    </ClInclude>
    <ClInclude Include="EasyVulkanShaderCompiler.h">
      <Filter>Header Files</Filter>
    </ClInclude>
    <ClInclude Include="EasyVulkanFpsCalculator.h">
      <Filter>Header Files</Filter>
    </ClInclude>
    <ClInclude Include="EasyVulkanPipeline.h">
      <Filter>Header Files</Filter>
    </ClInclude>
    <ClInclude Include="BasicShapes\Drawable.h">
      <Filter>Header Files\BasicShapes</Filter>
    </ClInclude>
    <ClInclude Include="BasicShapes\Polygon.h">
      <Filter>Header Files\BasicShapes</Filter>
    </ClInclude>
    <ClInclude Include="BasicShapes\Quadrangle.h">
      <Filter>Header Files\BasicShapes</Filter>
    </ClInclude>
    <ClInclude Include="BasicShapes\Triangle.h">
      <Filter>Header Files\BasicShapes</Filter>
    </ClInclude>
    <ClInclude Include="EasyVulkanMemoryUtility.h">
      <Filter>Header Files</Filter>
    </ClInclude>
    <ClInclude Include="EasyVulkanConsole.h">
      <Filter>Header Files</Filter>
    </ClInclude>
    <ClInclude Include="Matrix\EasyVulkanMatrix.h">
      <Filter>Header Files\Matrix</Filter>
    </ClInclude>
    <ClInclude Include="Matrix\EasyVulkanMatrixState.h">
      <Filter>Header Files\Matrix</Filter>
    </ClInclude>
    <ClInclude Include="EasyVulkanTextureManager.h">
      <Filter>Header Files</Filter>
    </ClInclude>
    <ClInclude Include="Texture.h">
      <Filter>Header Files</Filter>
    </ClInclude>
    <ClInclude Include="Label.h">
      <Filter>Header Files</Filter>
    </ClInclude>
    <ClInclude Include="Transform.h">
      <Filter>Header Files</Filter>
    </ClInclude>
    <ClInclude Include="EasyVulkanFontManager.h">
      <Filter>Header Files</Filter>
    </ClInclude>
    <ClInclude Include="EasyVulkanGlobal.h">
      <Filter>Header Files</Filter>
    </ClInclude>
  </ItemGroup>
</Project>